# This file is automatically @generated by Cargo.
# It is not intended for manual editing.
version = 4

[[package]]
name = "bytemuck"
version = "1.25.2"
source = "registry+https://github.com/rust-lang/crates.io-index"
checksum = "95832e849adfb21180ccb6826a99da14e5d266ae5c2e668e1602cf234f153797"

[[package]]
name = "rust-performance"
version = "0.1.0"
dependencies = [
 "wide",
]

[[package]]
name = "safe_arch"
version = "1.1.0"
source = "registry+https://github.com/rust-lang/crates.io-index"
checksum = "3a52ec151f024d703f9fd65abb7cbe81e7cdb39f18917a3a37e3014470dc7c59"
dependencies = [
 "bytemuck",
]

[[package]]
name = "wide"
version = "1.5.0"
source = "registry+https://github.com/rust-lang/crates.io-index"
checksum = "dfdfe6a32973f2d1b268b8895845a8a96cac2f0191e72c27cc929036060dbf89"
dependencies = [
 "bytemuck",
 "safe_arch",
]
